
Microsoft Visual Studio Solution File, Format Version 12.00
# Visual Studio 14
VisualStudioVersion = 14.0.23107.0
MinimumVisualStudioVersion = 10.0.40219.1
Project("{FAE04EC0-301F-11D3-BF4B-00C04F79EFBC}") = "BayleysAWSTest", "BayleysAWSTest\BayleysAWSTest.csproj", "{95940F6D-CB3A-4C36-80AB-ECEBF33F81E4}"
EndProject
Project("{2150E333-8FDC-42A3-9474-1A3956D46DE8}") = "build", "build", "{5CF91AA4-211D-4740-901A-B43E4B3DB6C0}"
	ProjectSection(SolutionItems) = preProject
		build\build.bat = build\build.bat
		build\build.csproj = build\build.csproj
		build\here.txt = build\here.txt
	EndProjectSection
EndProject
Global
	GlobalSection(SolutionConfigurationPlatforms) = preSolution
		Debug|Any CPU = Debug|Any CPU
		Release|Any CPU = Release|Any CPU
	EndGlobalSection
	GlobalSection(ProjectConfigurationPlatforms) = postSolution
		{95940F6D-CB3A-4C36-80AB-ECEBF33F81E4}.Debug|Any CPU.ActiveCfg = Debug|Any CPU
		{95940F6D-CB3A-4C36-80AB-ECEBF33F81E4}.Debug|Any CPU.Build.0 = Debug|Any CPU
		{95940F6D-CB3A-4C36-80AB-ECEBF33F81E4}.Release|Any CPU.ActiveCfg = Release|Any CPU
		{95940F6D-CB3A-4C36-80AB-ECEBF33F81E4}.Release|Any CPU.Build.0 = Release|Any CPU
	EndGlobalSection
	GlobalSection(SolutionProperties) = preSolution
		HideSolutionNode = FALSE
	EndGlobalSection
EndGlobal
